
Microsoft Visual Studio Solution File, Format Version 12.00
# Visual Studio Version 17
VisualStudioVersion = 17.11.35327.3
MinimumVisualStudioVersion = 10.0.40219.1
Project("{FAE04EC0-301F-11D3-BF4B-00C04F79EFBC}") = "GestEdu", "GestEdu.csproj", "{49C284F9-EAA5-41D5-A976-7B50229312A9}"
EndProject
Global
	GlobalSection(SolutionConfigurationPlatforms) = preSolution
		Debug|Any CPU = Debug|Any CPU
		Release|Any CPU = Release|Any CPU
	EndGlobalSection
	GlobalSection(ProjectConfigurationPlatforms) = postSolution
		{49C284F9-EAA5-41D5-A976-7B50229312A9}.Debug|Any CPU.ActiveCfg = Debug|Any CPU
		{49C284F9-EAA5-41D5-A976-7B50229312A9}.Debug|Any CPU.Build.0 = Debug|Any CPU
		{49C284F9-EAA5-41D5-A976-7B50229312A9}.Release|Any CPU.ActiveCfg = Release|Any CPU
		{49C284F9-EAA5-41D5-A976-7B50229312A9}.Release|Any CPU.Build.0 = Release|Any CPU
	EndGlobalSection
	GlobalSection(SolutionProperties) = preSolution
		HideSolutionNode = FALSE
	EndGlobalSection
	GlobalSection(ExtensibilityGlobals) = postSolution
		SolutionGuid = {2A6603C2-B140-410B-92DA-0F73CD8ECB23}
	EndGlobalSection
EndGlobal
